
Microsoft Visual Studio Solution File, Format Version 12.00
# Visual Studio Version 16
VisualStudioVersion = 16.0.30503.244
MinimumVisualStudioVersion = 15.0.26124.0
Project("{2150E333-8FDC-42A3-9474-1A3956D46DE8}") = "src", "src", "{21BC6B1D-01EC-4298-BFDD-15241A0F11B5}"
EndProject
Project("{9A19103F-16F7-4668-BE54-9A1E7A4F7556}") = "CCVARN.Core", "src\CCVARN.Core\CCVARN.Core.csproj", "{23697022-D3AB-4B11-ACFB-E948A2F1F67E}"
EndProject
Project("{9A19103F-16F7-4668-BE54-9A1E7A4F7556}") = "CCVARN", "src\CCVARN\CCVARN.csproj", "{ABD8CF6A-8A0B-4254-8806-EB909E3ACB16}"
EndProject
Project("{2150E333-8FDC-42A3-9474-1A3956D46DE8}") = "Solution Items", "Solution Items", "{8061AD3A-D8C1-4880-9ED7-900702BB16EE}"
	ProjectSection(SolutionItems) = preProject
		.editorconfig = .editorconfig
	EndProjectSection
EndProject
Project("{2150E333-8FDC-42A3-9474-1A3956D46DE8}") = "tests", "tests", "{5DB98417-23A3-4839-B775-D8E6B5A02CC8}"
EndProject
Project("{FAE04EC0-301F-11D3-BF4B-00C04F79EFBC}") = "CCVARN.Tests", "tests\CCVARN.Tests\CCVARN.Tests.csproj", "{393E4BDB-996D-420B-B849-CF325AE0D2F1}"
EndProject
Project("{FAE04EC0-301F-11D3-BF4B-00C04F79EFBC}") = "CCVARN.Core.Tests", "tests\CCVARN.Core.Tests\CCVARN.Core.Tests.csproj", "{D3B4CF8C-6D98-43D9-BE51-0AD011041060}"
EndProject
Global
	GlobalSection(SolutionConfigurationPlatforms) = preSolution
		Debug|Any CPU = Debug|Any CPU
		Debug|x64 = Debug|x64
		Debug|x86 = Debug|x86
		Release|Any CPU = Release|Any CPU
		Release|x64 = Release|x64
		Release|x86 = Release|x86
	EndGlobalSection
	GlobalSection(ProjectConfigurationPlatforms) = postSolution
		{23697022-D3AB-4B11-ACFB-E948A2F1F67E}.Debug|Any CPU.ActiveCfg = Debug|Any CPU
		{23697022-D3AB-4B11-ACFB-E948A2F1F67E}.Debug|Any CPU.Build.0 = Debug|Any CPU
		{23697022-D3AB-4B11-ACFB-E948A2F1F67E}.Debug|x64.ActiveCfg = Debug|Any CPU
		{23697022-D3AB-4B11-ACFB-E948A2F1F67E}.Debug|x64.Build.0 = Debug|Any CPU
		{23697022-D3AB-4B11-ACFB-E948A2F1F67E}.Debug|x86.ActiveCfg = Debug|Any CPU
		{23697022-D3AB-4B11-ACFB-E948A2F1F67E}.Debug|x86.Build.0 = Debug|Any CPU
		{23697022-D3AB-4B11-ACFB-E948A2F1F67E}.Release|Any CPU.ActiveCfg = Release|Any CPU
		{23697022-D3AB-4B11-ACFB-E948A2F1F67E}.Release|Any CPU.Build.0 = Release|Any CPU
		{23697022-D3AB-4B11-ACFB-E948A2F1F67E}.Release|x64.ActiveCfg = Release|Any CPU
		{23697022-D3AB-4B11-ACFB-E948A2F1F67E}.Release|x64.Build.0 = Release|Any CPU
		{23697022-D3AB-4B11-ACFB-E948A2F1F67E}.Release|x86.ActiveCfg = Release|Any CPU
		{23697022-D3AB-4B11-ACFB-E948A2F1F67E}.Release|x86.Build.0 = Release|Any CPU
		{ABD8CF6A-8A0B-4254-8806-EB909E3ACB16}.Debug|Any CPU.ActiveCfg = Debug|Any CPU
		{ABD8CF6A-8A0B-4254-8806-EB909E3ACB16}.Debug|Any CPU.Build.0 = Debug|Any CPU
		{ABD8CF6A-8A0B-4254-8806-EB909E3ACB16}.Debug|x64.ActiveCfg = Debug|Any CPU
		{ABD8CF6A-8A0B-4254-8806-EB909E3ACB16}.Debug|x64.Build.0 = Debug|Any CPU
		{ABD8CF6A-8A0B-4254-8806-EB909E3ACB16}.Debug|x86.ActiveCfg = Debug|Any CPU
		{ABD8CF6A-8A0B-4254-8806-EB909E3ACB16}.Debug|x86.Build.0 = Debug|Any CPU
		{ABD8CF6A-8A0B-4254-8806-EB909E3ACB16}.Release|Any CPU.ActiveCfg = Release|Any CPU
		{ABD8CF6A-8A0B-4254-8806-EB909E3ACB16}.Release|Any CPU.Build.0 = Release|Any CPU
		{ABD8CF6A-8A0B-4254-8806-EB909E3ACB16}.Release|x64.ActiveCfg = Release|Any CPU
		{ABD8CF6A-8A0B-4254-8806-EB909E3ACB16}.Release|x64.Build.0 = Release|Any CPU
		{ABD8CF6A-8A0B-4254-8806-EB909E3ACB16}.Release|x86.ActiveCfg = Release|Any CPU
		{ABD8CF6A-8A0B-4254-8806-EB909E3ACB16}.Release|x86.Build.0 = Release|Any CPU
		{393E4BDB-996D-420B-B849-CF325AE0D2F1}.Debug|Any CPU.ActiveCfg = Debug|Any CPU
		{393E4BDB-996D-420B-B849-CF325AE0D2F1}.Debug|Any CPU.Build.0 = Debug|Any CPU
		{393E4BDB-996D-420B-B849-CF325AE0D2F1}.Debug|x64.ActiveCfg = Debug|Any CPU
		{393E4BDB-996D-420B-B849-CF325AE0D2F1}.Debug|x64.Build.0 = Debug|Any CPU
		{393E4BDB-996D-420B-B849-CF325AE0D2F1}.Debug|x86.ActiveCfg = Debug|Any CPU
		{393E4BDB-996D-420B-B849-CF325AE0D2F1}.Debug|x86.Build.0 = Debug|Any CPU
		{393E4BDB-996D-420B-B849-CF325AE0D2F1}.Release|Any CPU.ActiveCfg = Release|Any CPU
		{393E4BDB-996D-420B-B849-CF325AE0D2F1}.Release|Any CPU.Build.0 = Release|Any CPU
		{393E4BDB-996D-420B-B849-CF325AE0D2F1}.Release|x64.ActiveCfg = Release|Any CPU
		{393E4BDB-996D-420B-B849-CF325AE0D2F1}.Release|x64.Build.0 = Release|Any CPU
		{393E4BDB-996D-420B-B849-CF325AE0D2F1}.Release|x86.ActiveCfg = Release|Any CPU
		{393E4BDB-996D-420B-B849-CF325AE0D2F1}.Release|x86.Build.0 = Release|Any CPU
		{D3B4CF8C-6D98-43D9-BE51-0AD011041060}.Debug|Any CPU.ActiveCfg = Debug|Any CPU
		{D3B4CF8C-6D98-43D9-BE51-0AD011041060}.Debug|Any CPU.Build.0 = Debug|Any CPU
		{D3B4CF8C-6D98-43D9-BE51-0AD011041060}.Debug|x64.ActiveCfg = Debug|Any CPU
		{D3B4CF8C-6D98-43D9-BE51-0AD011041060}.Debug|x64.Build.0 = Debug|Any CPU
		{D3B4CF8C-6D98-43D9-BE51-0AD011041060}.Debug|x86.ActiveCfg = Debug|Any CPU
		{D3B4CF8C-6D98-43D9-BE51-0AD011041060}.Debug|x86.Build.0 = Debug|Any CPU
		{D3B4CF8C-6D98-43D9-BE51-0AD011041060}.Release|Any CPU.ActiveCfg = Release|Any CPU
		{D3B4CF8C-6D98-43D9-BE51-0AD011041060}.Release|Any CPU.Build.0 = Release|Any CPU
		{D3B4CF8C-6D98-43D9-BE51-0AD011041060}.Release|x64.ActiveCfg = Release|Any CPU
		{D3B4CF8C-6D98-43D9-BE51-0AD011041060}.Release|x64.Build.0 = Release|Any CPU
		{D3B4CF8C-6D98-43D9-BE51-0AD011041060}.Release|x86.ActiveCfg = Release|Any CPU
		{D3B4CF8C-6D98-43D9-BE51-0AD011041060}.Release|x86.Build.0 = Release|Any CPU
	EndGlobalSection
	GlobalSection(SolutionProperties) = preSolution
		HideSolutionNode = FALSE
	EndGlobalSection
	GlobalSection(NestedProjects) = preSolution
		{23697022-D3AB-4B11-ACFB-E948A2F1F67E} = {21BC6B1D-01EC-4298-BFDD-15241A0F11B5}
		{ABD8CF6A-8A0B-4254-8806-EB909E3ACB16} = {21BC6B1D-01EC-4298-BFDD-15241A0F11B5}
		{393E4BDB-996D-420B-B849-CF325AE0D2F1} = {5DB98417-23A3-4839-B775-D8E6B5A02CC8}
		{D3B4CF8C-6D98-43D9-BE51-0AD011041060} = {5DB98417-23A3-4839-B775-D8E6B5A02CC8}
	EndGlobalSection
	GlobalSection(ExtensibilityGlobals) = postSolution
		SolutionGuid = {4708B74D-AC36-4CBE-B537-0BDD39E663C1}
	EndGlobalSection
EndGlobal
