
Microsoft Visual Studio Solution File, Format Version 12.00
# Visual Studio Version 16
VisualStudioVersion = 16.0.30503.244
MinimumVisualStudioVersion = 15.0.26124.0
Project("{2150E333-8FDC-42A3-9474-1A3956D46DE8}") = "src", "src", "{21BC6B1D-01EC-4298-BFDD-15241A0F11B5}"
EndProject
Project("{2150E333-8FDC-42A3-9474-1A3956D46DE8}") = "tests", "tests", "{C0E5B5D1-96CE-4A5B-8993-54BF6A330D76}"
EndProject
Project("{9A19103F-16F7-4668-BE54-9A1E7A4F7556}") = "CCVARN.Core", "src\CCVARN.Core\CCVARN.Core.csproj", "{23697022-D3AB-4B11-ACFB-E948A2F1F67E}"
EndProject
Project("{9A19103F-16F7-4668-BE54-9A1E7A4F7556}") = "CCVARN", "src\CCVARN\CCVARN.csproj", "{ABD8CF6A-8A0B-4254-8806-EB909E3ACB16}"
EndProject
Project("{9A19103F-16F7-4668-BE54-9A1E7A4F7556}") = "CCVARN.Core.Tests", "tests\CCVARN.Core.Tests\CCVARN.Core.Tests.csproj", "{1B3A8B78-8181-4845-8874-00DFE6ACA922}"
EndProject
Project("{9A19103F-16F7-4668-BE54-9A1E7A4F7556}") = "CCVARN.Tests", "tests\CCVARN.Tests\CCVARN.Tests.csproj", "{6BBF63DE-BBFD-492B-AF00-E22D92D050DE}"
EndProject
Project("{2150E333-8FDC-42A3-9474-1A3956D46DE8}") = "Solution Items", "Solution Items", "{8061AD3A-D8C1-4880-9ED7-900702BB16EE}"
	ProjectSection(SolutionItems) = preProject
		.editorconfig = .editorconfig
	EndProjectSection
EndProject
Global
	GlobalSection(SolutionConfigurationPlatforms) = preSolution
		Debug|Any CPU = Debug|Any CPU
		Debug|x64 = Debug|x64
		Debug|x86 = Debug|x86
		Release|Any CPU = Release|Any CPU
		Release|x64 = Release|x64
		Release|x86 = Release|x86
	EndGlobalSection
	GlobalSection(ProjectConfigurationPlatforms) = postSolution
		{23697022-D3AB-4B11-ACFB-E948A2F1F67E}.Debug|Any CPU.ActiveCfg = Debug|Any CPU
		{23697022-D3AB-4B11-ACFB-E948A2F1F67E}.Debug|Any CPU.Build.0 = Debug|Any CPU
		{23697022-D3AB-4B11-ACFB-E948A2F1F67E}.Debug|x64.ActiveCfg = Debug|Any CPU
		{23697022-D3AB-4B11-ACFB-E948A2F1F67E}.Debug|x64.Build.0 = Debug|Any CPU
		{23697022-D3AB-4B11-ACFB-E948A2F1F67E}.Debug|x86.ActiveCfg = Debug|Any CPU
		{23697022-D3AB-4B11-ACFB-E948A2F1F67E}.Debug|x86.Build.0 = Debug|Any CPU
		{23697022-D3AB-4B11-ACFB-E948A2F1F67E}.Release|Any CPU.ActiveCfg = Release|Any CPU
		{23697022-D3AB-4B11-ACFB-E948A2F1F67E}.Release|Any CPU.Build.0 = Release|Any CPU
		{23697022-D3AB-4B11-ACFB-E948A2F1F67E}.Release|x64.ActiveCfg = Release|Any CPU
		{23697022-D3AB-4B11-ACFB-E948A2F1F67E}.Release|x64.Build.0 = Release|Any CPU
		{23697022-D3AB-4B11-ACFB-E948A2F1F67E}.Release|x86.ActiveCfg = Release|Any CPU
		{23697022-D3AB-4B11-ACFB-E948A2F1F67E}.Release|x86.Build.0 = Release|Any CPU
		{ABD8CF6A-8A0B-4254-8806-EB909E3ACB16}.Debug|Any CPU.ActiveCfg = Debug|Any CPU
		{ABD8CF6A-8A0B-4254-8806-EB909E3ACB16}.Debug|Any CPU.Build.0 = Debug|Any CPU
		{ABD8CF6A-8A0B-4254-8806-EB909E3ACB16}.Debug|x64.ActiveCfg = Debug|Any CPU
		{ABD8CF6A-8A0B-4254-8806-EB909E3ACB16}.Debug|x64.Build.0 = Debug|Any CPU
		{ABD8CF6A-8A0B-4254-8806-EB909E3ACB16}.Debug|x86.ActiveCfg = Debug|Any CPU
		{ABD8CF6A-8A0B-4254-8806-EB909E3ACB16}.Debug|x86.Build.0 = Debug|Any CPU
		{ABD8CF6A-8A0B-4254-8806-EB909E3ACB16}.Release|Any CPU.ActiveCfg = Release|Any CPU
		{ABD8CF6A-8A0B-4254-8806-EB909E3ACB16}.Release|Any CPU.Build.0 = Release|Any CPU
		{ABD8CF6A-8A0B-4254-8806-EB909E3ACB16}.Release|x64.ActiveCfg = Release|Any CPU
		{ABD8CF6A-8A0B-4254-8806-EB909E3ACB16}.Release|x64.Build.0 = Release|Any CPU
		{ABD8CF6A-8A0B-4254-8806-EB909E3ACB16}.Release|x86.ActiveCfg = Release|Any CPU
		{ABD8CF6A-8A0B-4254-8806-EB909E3ACB16}.Release|x86.Build.0 = Release|Any CPU
		{1B3A8B78-8181-4845-8874-00DFE6ACA922}.Debug|Any CPU.ActiveCfg = Debug|Any CPU
		{1B3A8B78-8181-4845-8874-00DFE6ACA922}.Debug|Any CPU.Build.0 = Debug|Any CPU
		{1B3A8B78-8181-4845-8874-00DFE6ACA922}.Debug|x64.ActiveCfg = Debug|Any CPU
		{1B3A8B78-8181-4845-8874-00DFE6ACA922}.Debug|x64.Build.0 = Debug|Any CPU
		{1B3A8B78-8181-4845-8874-00DFE6ACA922}.Debug|x86.ActiveCfg = Debug|Any CPU
		{1B3A8B78-8181-4845-8874-00DFE6ACA922}.Debug|x86.Build.0 = Debug|Any CPU
		{1B3A8B78-8181-4845-8874-00DFE6ACA922}.Release|Any CPU.ActiveCfg = Release|Any CPU
		{1B3A8B78-8181-4845-8874-00DFE6ACA922}.Release|Any CPU.Build.0 = Release|Any CPU
		{1B3A8B78-8181-4845-8874-00DFE6ACA922}.Release|x64.ActiveCfg = Release|Any CPU
		{1B3A8B78-8181-4845-8874-00DFE6ACA922}.Release|x64.Build.0 = Release|Any CPU
		{1B3A8B78-8181-4845-8874-00DFE6ACA922}.Release|x86.ActiveCfg = Release|Any CPU
		{1B3A8B78-8181-4845-8874-00DFE6ACA922}.Release|x86.Build.0 = Release|Any CPU
		{6BBF63DE-BBFD-492B-AF00-E22D92D050DE}.Debug|Any CPU.ActiveCfg = Debug|Any CPU
		{6BBF63DE-BBFD-492B-AF00-E22D92D050DE}.Debug|Any CPU.Build.0 = Debug|Any CPU
		{6BBF63DE-BBFD-492B-AF00-E22D92D050DE}.Debug|x64.ActiveCfg = Debug|Any CPU
		{6BBF63DE-BBFD-492B-AF00-E22D92D050DE}.Debug|x64.Build.0 = Debug|Any CPU
		{6BBF63DE-BBFD-492B-AF00-E22D92D050DE}.Debug|x86.ActiveCfg = Debug|Any CPU
		{6BBF63DE-BBFD-492B-AF00-E22D92D050DE}.Debug|x86.Build.0 = Debug|Any CPU
		{6BBF63DE-BBFD-492B-AF00-E22D92D050DE}.Release|Any CPU.ActiveCfg = Release|Any CPU
		{6BBF63DE-BBFD-492B-AF00-E22D92D050DE}.Release|Any CPU.Build.0 = Release|Any CPU
		{6BBF63DE-BBFD-492B-AF00-E22D92D050DE}.Release|x64.ActiveCfg = Release|Any CPU
		{6BBF63DE-BBFD-492B-AF00-E22D92D050DE}.Release|x64.Build.0 = Release|Any CPU
		{6BBF63DE-BBFD-492B-AF00-E22D92D050DE}.Release|x86.ActiveCfg = Release|Any CPU
		{6BBF63DE-BBFD-492B-AF00-E22D92D050DE}.Release|x86.Build.0 = Release|Any CPU
	EndGlobalSection
	GlobalSection(SolutionProperties) = preSolution
		HideSolutionNode = FALSE
	EndGlobalSection
	GlobalSection(NestedProjects) = preSolution
		{23697022-D3AB-4B11-ACFB-E948A2F1F67E} = {21BC6B1D-01EC-4298-BFDD-15241A0F11B5}
		{ABD8CF6A-8A0B-4254-8806-EB909E3ACB16} = {21BC6B1D-01EC-4298-BFDD-15241A0F11B5}
		{1B3A8B78-8181-4845-8874-00DFE6ACA922} = {C0E5B5D1-96CE-4A5B-8993-54BF6A330D76}
		{6BBF63DE-BBFD-492B-AF00-E22D92D050DE} = {C0E5B5D1-96CE-4A5B-8993-54BF6A330D76}
	EndGlobalSection
	GlobalSection(ExtensibilityGlobals) = postSolution
		SolutionGuid = {4708B74D-AC36-4CBE-B537-0BDD39E663C1}
	EndGlobalSection
EndGlobal
